// !$*UTF8*$!
{
	archiveVersion = 1;
	classes = {
	};
	objectVersion = 56;
	objects = {

/* Begin PBXBuildFile section */
		929856512AB1626500B911D5 /* NutriPalApp.swift in Sources */ = {isa = PBXBuildFile; fileRef = 929856502AB1626500B911D5 /* NutriPalApp.swift */; };
		929856532AB1626500B911D5 /* ContentView.swift in Sources */ = {isa = PBXBuildFile; fileRef = 929856522AB1626500B911D5 /* ContentView.swift */; };
		929856552AB1626600B911D5 /* Assets.xcassets in Resources */ = {isa = PBXBuildFile; fileRef = 929856542AB1626600B911D5 /* Assets.xcassets */; };
		929856582AB1626600B911D5 /* Preview Assets.xcassets in Resources */ = {isa = PBXBuildFile; fileRef = 929856572AB1626600B911D5 /* Preview Assets.xcassets */; };
		929856622AB1626600B911D5 /* NutriPalTests.swift in Sources */ = {isa = PBXBuildFile; fileRef = 929856612AB1626600B911D5 /* NutriPalTests.swift */; };
		9298566C2AB1626600B911D5 /* NutriPalUITests.swift in Sources */ = {isa = PBXBuildFile; fileRef = 9298566B2AB1626600B911D5 /* NutriPalUITests.swift */; };
		9298566E2AB1626600B911D5 /* NutriPalUITestsLaunchTests.swift in Sources */ = {isa = PBXBuildFile; fileRef = 9298566D2AB1626600B911D5 /* NutriPalUITestsLaunchTests.swift */; };
/* End PBXBuildFile section */

/* Begin PBXContainerItemProxy section */
		9298565E2AB1626600B911D5 /* PBXContainerItemProxy */ = {
			isa = PBXContainerItemProxy;
			containerPortal = 929856452AB1626500B911D5 /* Project object */;
			proxyType = 1;
			remoteGlobalIDString = 9298564C2AB1626500B911D5;
			remoteInfo = NutriPal;
		};
		929856682AB1626600B911D5 /* PBXContainerItemProxy */ = {
			isa = PBXContainerItemProxy;
			containerPortal = 929856452AB1626500B911D5 /* Project object */;
			proxyType = 1;
			remoteGlobalIDString = 9298564C2AB1626500B911D5;
			remoteInfo = NutriPal;
		};
/* End PBXContainerItemProxy section */

/* Begin PBXFileReference section */
		9298564D2AB1626500B911D5 /* NutriPal.app */ = {isa = PBXFileReference; explicitFileType = wrapper.application; includeInIndex = 0; path = NutriPal.app; sourceTree = BUILT_PRODUCTS_DIR; };
		929856502AB1626500B911D5 /* NutriPalApp.swift */ = {isa = PBXFileReference; lastKnownFileType = sourcecode.swift; path = NutriPalApp.swift; sourceTree = "<group>"; };
		929856522AB1626500B911D5 /* ContentView.swift */ = {isa = PBXFileReference; lastKnownFileType = sourcecode.swift; path = ContentView.swift; sourceTree = "<group>"; };
		929856542AB1626600B911D5 /* Assets.xcassets */ = {isa = PBXFileReference; lastKnownFileType = folder.assetcatalog; path = Assets.xcassets; sourceTree = "<group>"; };
		929856572AB1626600B911D5 /* Preview Assets.xcassets */ = {isa = PBXFileReference; lastKnownFileType = folder.assetcatalog; path = "Preview Assets.xcassets"; sourceTree = "<group>"; };
		9298565D2AB1626600B911D5 /* NutriPalTests.xctest */ = {isa = PBXFileReference; explicitFileType = wrapper.cfbundle; includeInIndex = 0; path = NutriPalTests.xctest; sourceTree = BUILT_PRODUCTS_DIR; };
		929856612AB1626600B911D5 /* NutriPalTests.swift */ = {isa = PBXFileReference; lastKnownFileType = sourcecode.swift; path = NutriPalTests.swift; sourceTree = "<group>"; };
		929856672AB1626600B911D5 /* NutriPalUITests.xctest */ = {isa = PBXFileReference; explicitFileType = wrapper.cfbundle; includeInIndex = 0; path = NutriPalUITests.xctest; sourceTree = BUILT_PRODUCTS_DIR; };
		9298566B2AB1626600B911D5 /* NutriPalUITests.swift */ = {isa = PBXFileReference; lastKnownFileType = sourcecode.swift; path = NutriPalUITests.swift; sourceTree = "<group>"; };
		9298566D2AB1626600B911D5 /* NutriPalUITestsLaunchTests.swift */ = {isa = PBXFileReference; lastKnownFileType = sourcecode.swift; path = NutriPalUITestsLaunchTests.swift; sourceTree = "<group>"; };
/* End PBXFileReference section */

/* Begin PBXFrameworksBuildPhase section */
		9298564A2AB1626500B911D5 /* Frameworks */ = {
			isa = PBXFrameworksBuildPhase;
			buildActionMask = 2147483647;
			files = (
			);
			runOnlyForDeploymentPostprocessing = 0;
		};
		9298565A2AB1626600B911D5 /* Frameworks */ = {
			isa = PBXFrameworksBuildPhase;
			buildActionMask = 2147483647;
			files = (
			);
			runOnlyForDeploymentPostprocessing = 0;
		};
		929856642AB1626600B911D5 /* Frameworks */ = {
			isa = PBXFrameworksBuildPhase;
			buildActionMask = 2147483647;
			files = (
			);
			runOnlyForDeploymentPostprocessing = 0;
		};
/* End PBXFrameworksBuildPhase section */

/* Begin PBXGroup section */
		929856442AB1626500B911D5 = {
			isa = PBXGroup;
			children = (
				9298564F2AB1626500B911D5 /* NutriPal */,
				929856602AB1626600B911D5 /* NutriPalTests */,
				9298566A2AB1626600B911D5 /* NutriPalUITests */,
				9298564E2AB1626500B911D5 /* Products */,
			);
			sourceTree = "<group>";
		};
		9298564E2AB1626500B911D5 /* Products */ = {
			isa = PBXGroup;
			children = (
				9298564D2AB1626500B911D5 /* NutriPal.app */,
				9298565D2AB1626600B911D5 /* NutriPalTests.xctest */,
				929856672AB1626600B911D5 /* NutriPalUITests.xctest */,
			);
			name = Products;
			sourceTree = "<group>";
		};
		9298564F2AB1626500B911D5 /* NutriPal */ = {
			isa = PBXGroup;
			children = (
				929856502AB1626500B911D5 /* NutriPalApp.swift */,
				929856522AB1626500B911D5 /* ContentView.swift */,
				929856542AB1626600B911D5 /* Assets.xcassets */,
				929856562AB1626600B911D5 /* Preview Content */,
			);
			path = NutriPal;
			sourceTree = "<group>";
		};
		929856562AB1626600B911D5 /* Preview Content */ = {
			isa = PBXGroup;
			children = (
				929856572AB1626600B911D5 /* Preview Assets.xcassets */,
			);
			path = "Preview Content";
			sourceTree = "<group>";
		};
		929856602AB1626600B911D5 /* NutriPalTests */ = {
			isa = PBXGroup;
			children = (
				929856612AB1626600B911D5 /* NutriPalTests.swift */,
			);
			path = NutriPalTests;
			sourceTree = "<group>";
		};
		9298566A2AB1626600B911D5 /* NutriPalUITests */ = {
			isa = PBXGroup;
			children = (
				9298566B2AB1626600B911D5 /* NutriPalUITests.swift */,
				9298566D2AB1626600B911D5 /* NutriPalUITestsLaunchTests.swift */,
			);
			path = NutriPalUITests;
			sourceTree = "<group>";
		};
/* End PBXGroup section */

/* Begin PBXNativeTarget section */
		9298564C2AB1626500B911D5 /* NutriPal */ = {
			isa = PBXNativeTarget;
			buildConfigurationList = 929856712AB1626600B911D5 /* Build configuration list for PBXNativeTarget "NutriPal" */;
			buildPhases = (
				929856492AB1626500B911D5 /* Sources */,
				9298564A2AB1626500B911D5 /* Frameworks */,
				9298564B2AB1626500B911D5 /* Resources */,
			);
			buildRules = (
			);
			dependencies = (
			);
			name = NutriPal;
			productName = NutriPal;
			productReference = 9298564D2AB1626500B911D5 /* NutriPal.app */;
			productType = "com.apple.product-type.application";
		};
		9298565C2AB1626600B911D5 /* NutriPalTests */ = {
			isa = PBXNativeTarget;
			buildConfigurationList = 929856742AB1626600B911D5 /* Build configuration list for PBXNativeTarget "NutriPalTests" */;
			buildPhases = (
				929856592AB1626600B911D5 /* Sources */,
				9298565A2AB1626600B911D5 /* Frameworks */,
				9298565B2AB1626600B911D5 /* Resources */,
			);
			buildRules = (
			);
			dependencies = (
				9298565F2AB1626600B911D5 /* PBXTargetDependency */,
			);
			name = NutriPalTests;
			productName = NutriPalTests;
			productReference = 9298565D2AB1626600B911D5 /* NutriPalTests.xctest */;
			productType = "com.apple.product-type.bundle.unit-test";
		};
		929856662AB1626600B911D5 /* NutriPalUITests */ = {
			isa = PBXNativeTarget;
			buildConfigurationList = 929856772AB1626600B911D5 /* Build configuration list for PBXNativeTarget "NutriPalUITests" */;
			buildPhases = (
				929856632AB1626600B911D5 /* Sources */,
				929856642AB1626600B911D5 /* Frameworks */,
				929856652AB1626600B911D5 /* Resources */,
			);
			buildRules = (
			);
			dependencies = (
				929856692AB1626600B911D5 /* PBXTargetDependency */,
			);
			name = NutriPalUITests;
			productName = NutriPalUITests;
			productReference = 929856672AB1626600B911D5 /* NutriPalUITests.xctest */;
			productType = "com.apple.product-type.bundle.ui-testing";
		};
/* End PBXNativeTarget section */

/* Begin PBXProject section */
		929856452AB1626500B911D5 /* Project object */ = {
			isa = PBXProject;
			attributes = {
				BuildIndependentTargetsInParallel = 1;
				LastSwiftUpdateCheck = 1430;
				LastUpgradeCheck = 1430;
				TargetAttributes = {
					9298564C2AB1626500B911D5 = {
						CreatedOnToolsVersion = 14.3.1;
					};
					9298565C2AB1626600B911D5 = {
						CreatedOnToolsVersion = 14.3.1;
						TestTargetID = 9298564C2AB1626500B911D5;
					};
					929856662AB1626600B911D5 = {
						CreatedOnToolsVersion = 14.3.1;
						TestTargetID = 9298564C2AB1626500B911D5;
					};
				};
			};
			buildConfigurationList = 929856482AB1626500B911D5 /* Build configuration list for PBXProject "NutriPal" */;
			compatibilityVersion = "Xcode 14.0";
			developmentRegion = en;
			hasScannedForEncodings = 0;
			knownRegions = (
				en,
				Base,
			);
			mainGroup = 929856442AB1626500B911D5;
			productRefGroup = 9298564E2AB1626500B911D5 /* Products */;
			projectDirPath = "";
			projectRoot = "";
			targets = (
				9298564C2AB1626500B911D5 /* NutriPal */,
				9298565C2AB1626600B911D5 /* NutriPalTests */,
				929856662AB1626600B911D5 /* NutriPalUITests */,
			);
		};
/* End PBXProject section */

/* Begin PBXResourcesBuildPhase section */
		9298564B2AB1626500B911D5 /* Resources */ = {
			isa = PBXResourcesBuildPhase;
			buildActionMask = 2147483647;
			files = (
				929856582AB1626600B911D5 /* Preview Assets.xcassets in Resources */,
				929856552AB1626600B911D5 /* Assets.xcassets in Resources */,
			);
			runOnlyForDeploymentPostprocessing = 0;
		};
		9298565B2AB1626600B911D5 /* Resources */ = {
			isa = PBXResourcesBuildPhase;
			buildActionMask = 2147483647;
			files = (
			);
			runOnlyForDeploymentPostprocessing = 0;
		};
		929856652AB1626600B911D5 /* Resources */ = {
			isa = PBXResourcesBuildPhase;
			buildActionMask = 2147483647;
			files = (
			);
			runOnlyForDeploymentPostprocessing = 0;
		};
/* End PBXResourcesBuildPhase section */

/* Begin PBXSourcesBuildPhase section */
		929856492AB1626500B911D5 /* Sources */ = {
			isa = PBXSourcesBuildPhase;
			buildActionMask = 2147483647;
			files = (
				929856532AB1626500B911D5 /* ContentView.swift in Sources */,
				929856512AB1626500B911D5 /* NutriPalApp.swift in Sources */,
			);
			runOnlyForDeploymentPostprocessing = 0;
		};
		929856592AB1626600B911D5 /* Sources */ = {
			isa = PBXSourcesBuildPhase;
			buildActionMask = 2147483647;
			files = (
				929856622AB1626600B911D5 /* NutriPalTests.swift in Sources */,
			);
			runOnlyForDeploymentPostprocessing = 0;
		};
		929856632AB1626600B911D5 /* Sources */ = {
			isa = PBXSourcesBuildPhase;
			buildActionMask = 2147483647;
			files = (
				9298566E2AB1626600B911D5 /* NutriPalUITestsLaunchTests.swift in Sources */,
				9298566C2AB1626600B911D5 /* NutriPalUITests.swift in Sources */,
			);
			runOnlyForDeploymentPostprocessing = 0;
		};
/* End PBXSourcesBuildPhase section */

/* Begin PBXTargetDependency section */
		9298565F2AB1626600B911D5 /* PBXTargetDependency */ = {
			isa = PBXTargetDependency;
			target = 9298564C2AB1626500B911D5 /* NutriPal */;
			targetProxy = 9298565E2AB1626600B911D5 /* PBXContainerItemProxy */;
		};
		929856692AB1626600B911D5 /* PBXTargetDependency */ = {
			isa = PBXTargetDependency;
			target = 9298564C2AB1626500B911D5 /* NutriPal */;
			targetProxy = 929856682AB1626600B911D5 /* PBXContainerItemProxy */;
		};
/* End PBXTargetDependency section */

/* Begin XCBuildConfiguration section */
		9298566F2AB1626600B911D5 /* Debug */ = {
			isa = XCBuildConfiguration;
			buildSettings = {
				ALWAYS_SEARCH_USER_PATHS = NO;
				CLANG_ANALYZER_NONNULL = YES;
				CLANG_ANALYZER_NUMBER_OBJECT_CONVERSION = YES_AGGRESSIVE;
				CLANG_CXX_LANGUAGE_STANDARD = "gnu++20";
				CLANG_ENABLE_MODULES = YES;
				CLANG_ENABLE_OBJC_ARC = YES;
				CLANG_ENABLE_OBJC_WEAK = YES;
				CLANG_WARN_BLOCK_CAPTURE_AUTORELEASING = YES;
				CLANG_WARN_BOOL_CONVERSION = YES;
				CLANG_WARN_COMMA = YES;
				CLANG_WARN_CONSTANT_CONVERSION = YES;
				CLANG_WARN_DEPRECATED_OBJC_IMPLEMENTATIONS = YES;
				CLANG_WARN_DIRECT_OBJC_ISA_USAGE = YES_ERROR;
				CLANG_WARN_DOCUMENTATION_COMMENTS = YES;
				CLANG_WARN_EMPTY_BODY = YES;
				CLANG_WARN_ENUM_CONVERSION = YES;
				CLANG_WARN_INFINITE_RECURSION = YES;
				CLANG_WARN_INT_CONVERSION = YES;
				CLANG_WARN_NON_LITERAL_NULL_CONVERSION = YES;
				CLANG_WARN_OBJC_IMPLICIT_RETAIN_SELF = YES;
				CLANG_WARN_OBJC_LITERAL_CONVERSION = YES;
				CLANG_WARN_OBJC_ROOT_CLASS = YES_ERROR;
				CLANG_WARN_QUOTED_INCLUDE_IN_FRAMEWORK_HEADER = YES;
				CLANG_WARN_RANGE_LOOP_ANALYSIS = YES;
				CLANG_WARN_STRICT_PROTOTYPES = YES;
				CLANG_WARN_SUSPICIOUS_MOVE = YES;
				CLANG_WARN_UNGUARDED_AVAILABILITY = YES_AGGRESSIVE;
				CLANG_WARN_UNREACHABLE_CODE = YES;
				CLANG_WARN__DUPLICATE_METHOD_MATCH = YES;
				COPY_PHASE_STRIP = NO;
				DEBUG_INFORMATION_FORMAT = dwarf;
				ENABLE_STRICT_OBJC_MSGSEND = YES;
				ENABLE_TESTABILITY = YES;
				GCC_C_LANGUAGE_STANDARD = gnu11;
				GCC_DYNAMIC_NO_PIC = NO;
				GCC_NO_COMMON_BLOCKS = YES;
				GCC_OPTIMIZATION_LEVEL = 0;
				GCC_PREPROCESSOR_DEFINITIONS = (
					"DEBUG=1",
					"$(inherited)",
				);
				GCC_WARN_64_TO_32_BIT_CONVERSION = YES;
				GCC_WARN_ABOUT_RETURN_TYPE = YES_ERROR;
				GCC_WARN_UNDECLARED_SELECTOR = YES;
				GCC_WARN_UNINITIALIZED_AUTOS = YES_AGGRESSIVE;
				GCC_WARN_UNUSED_FUNCTION = YES;
				GCC_WARN_UNUSED_VARIABLE = YES;
				IPHONEOS_DEPLOYMENT_TARGET = 16.4;
				MTL_ENABLE_DEBUG_INFO = INCLUDE_SOURCE;
				MTL_FAST_MATH = YES;
				ONLY_ACTIVE_ARCH = YES;
				SDKROOT = iphoneos;
				SWIFT_ACTIVE_COMPILATION_CONDITIONS = DEBUG;
				SWIFT_OPTIMIZATION_LEVEL = "-Onone";
			};
			name = Debug;
		};
		929856702AB1626600B911D5 /* Release */ = {
			isa = XCBuildConfiguration;
			buildSettings = {
				ALWAYS_SEARCH_USER_PATHS = NO;
				CLANG_ANALYZER_NONNULL = YES;
				CLANG_ANALYZER_NUMBER_OBJECT_CONVERSION = YES_AGGRESSIVE;
				CLANG_CXX_LANGUAGE_STANDARD = "gnu++20";
				CLANG_ENABLE_MODULES = YES;
				CLANG_ENABLE_OBJC_ARC = YES;
				CLANG_ENABLE_OBJC_WEAK = YES;
				CLANG_WARN_BLOCK_CAPTURE_AUTORELEASING = YES;
				CLANG_WARN_BOOL_CONVERSION = YES;
				CLANG_WARN_COMMA = YES;
				CLANG_WARN_CONSTANT_CONVERSION = YES;
				CLANG_WARN_DEPRECATED_OBJC_IMPLEMENTATIONS = YES;
				CLANG_WARN_DIRECT_OBJC_ISA_USAGE = YES_ERROR;
				CLANG_WARN_DOCUMENTATION_COMMENTS = YES;
				CLANG_WARN_EMPTY_BODY = YES;
				CLANG_WARN_ENUM_CONVERSION = YES;
				CLANG_WARN_INFINITE_RECURSION = YES;
				CLANG_WARN_INT_CONVERSION = YES;
				CLANG_WARN_NON_LITERAL_NULL_CONVERSION = YES;
				CLANG_WARN_OBJC_IMPLICIT_RETAIN_SELF = YES;
				CLANG_WARN_OBJC_LITERAL_CONVERSION = YES;
				CLANG_WARN_OBJC_ROOT_CLASS = YES_ERROR;
				CLANG_WARN_QUOTED_INCLUDE_IN_FRAMEWORK_HEADER = YES;
				CLANG_WARN_RANGE_LOOP_ANALYSIS = YES;
				CLANG_WARN_STRICT_PROTOTYPES = YES;
				CLANG_WARN_SUSPICIOUS_MOVE = YES;
				CLANG_WARN_UNGUARDED_AVAILABILITY = YES_AGGRESSIVE;
				CLANG_WARN_UNREACHABLE_CODE = YES;
				CLANG_WARN__DUPLICATE_METHOD_MATCH = YES;
				COPY_PHASE_STRIP = NO;
				DEBUG_INFORMATION_FORMAT = "dwarf-with-dsym";
				ENABLE_NS_ASSERTIONS = NO;
				ENABLE_STRICT_OBJC_MSGSEND = YES;
				GCC_C_LANGUAGE_STANDARD = gnu11;
				GCC_NO_COMMON_BLOCKS = YES;
				GCC_WARN_64_TO_32_BIT_CONVERSION = YES;
				GCC_WARN_ABOUT_RETURN_TYPE = YES_ERROR;
				GCC_WARN_UNDECLARED_SELECTOR = YES;
				GCC_WARN_UNINITIALIZED_AUTOS = YES_AGGRESSIVE;
				GCC_WARN_UNUSED_FUNCTION = YES;
				GCC_WARN_UNUSED_VARIABLE = YES;
				IPHONEOS_DEPLOYMENT_TARGET = 16.4;
				MTL_ENABLE_DEBUG_INFO = NO;
				MTL_FAST_MATH = YES;
				SDKROOT = iphoneos;
				SWIFT_COMPILATION_MODE = wholemodule;
				SWIFT_OPTIMIZATION_LEVEL = "-O";
				VALIDATE_PRODUCT = YES;
			};
			name = Release;
		};
		929856722AB1626600B911D5 /* Debug */ = {
			isa = XCBuildConfiguration;
			buildSettings = {
				ASSETCATALOG_COMPILER_APPICON_NAME = AppIcon;
				ASSETCATALOG_COMPILER_GLOBAL_ACCENT_COLOR_NAME = AccentColor;
				CODE_SIGN_STYLE = Automatic;
				CURRENT_PROJECT_VERSION = 1;
				DEVELOPMENT_ASSET_PATHS = "\"NutriPal/Preview Content\"";
				ENABLE_PREVIEWS = YES;
				GENERATE_INFOPLIST_FILE = YES;
				INFOPLIST_KEY_UIApplicationSceneManifest_Generation = YES;
				INFOPLIST_KEY_UIApplicationSupportsIndirectInputEvents = YES;
				INFOPLIST_KEY_UILaunchScreen_Generation = YES;
				INFOPLIST_KEY_UISupportedInterfaceOrientations_iPad = "UIInterfaceOrientationPortrait UIInterfaceOrientationPortraitUpsideDown UIInterfaceOrientationLandscapeLeft UIInterfaceOrientationLandscapeRight";
				INFOPLIST_KEY_UISupportedInterfaceOrientations_iPhone = "UIInterfaceOrientationPortrait UIInterfaceOrientationLandscapeLeft UIInterfaceOrientationLandscapeRight";
				LD_RUNPATH_SEARCH_PATHS = (
					"$(inherited)",
					"@executable_path/Frameworks",
				);
				MARKETING_VERSION = 1.0;
				PRODUCT_BUNDLE_IDENTIFIER = com.WAKKP.NutriPal;
				PRODUCT_NAME = "$(TARGET_NAME)";
				SWIFT_EMIT_LOC_STRINGS = YES;
				SWIFT_VERSION = 5.0;
				TARGETED_DEVICE_FAMILY = "1,2";
			};
			name = Debug;
		};
		929856732AB1626600B911D5 /* Release */ = {
			isa = XCBuildConfiguration;
			buildSettings = {
				ASSETCATALOG_COMPILER_APPICON_NAME = AppIcon;
				ASSETCATALOG_COMPILER_GLOBAL_ACCENT_COLOR_NAME = AccentColor;
				CODE_SIGN_STYLE = Automatic;
				CURRENT_PROJECT_VERSION = 1;
				DEVELOPMENT_ASSET_PATHS = "\"NutriPal/Preview Content\"";
				ENABLE_PREVIEWS = YES;
				GENERATE_INFOPLIST_FILE = YES;
				INFOPLIST_KEY_UIApplicationSceneManifest_Generation = YES;
				INFOPLIST_KEY_UIApplicationSupportsIndirectInputEvents = YES;
				INFOPLIST_KEY_UILaunchScreen_Generation = YES;
				INFOPLIST_KEY_UISupportedInterfaceOrientations_iPad = "UIInterfaceOrientationPortrait UIInterfaceOrientationPortraitUpsideDown UIInterfaceOrientationLandscapeLeft UIInterfaceOrientationLandscapeRight";
				INFOPLIST_KEY_UISupportedInterfaceOrientations_iPhone = "UIInterfaceOrientationPortrait UIInterfaceOrientationLandscapeLeft UIInterfaceOrientationLandscapeRight";
				LD_RUNPATH_SEARCH_PATHS = (
					"$(inherited)",
					"@executable_path/Frameworks",
				);
				MARKETING_VERSION = 1.0;
				PRODUCT_BUNDLE_IDENTIFIER = com.WAKKP.NutriPal;
				PRODUCT_NAME = "$(TARGET_NAME)";
				SWIFT_EMIT_LOC_STRINGS = YES;
				SWIFT_VERSION = 5.0;
				TARGETED_DEVICE_FAMILY = "1,2";
			};
			name = Release;
		};
		929856752AB1626600B911D5 /* Debug */ = {
			isa = XCBuildConfiguration;
			buildSettings = {
				ALWAYS_EMBED_SWIFT_STANDARD_LIBRARIES = YES;
				BUNDLE_LOADER = "$(TEST_HOST)";
				CODE_SIGN_STYLE = Automatic;
				CURRENT_PROJECT_VERSION = 1;
				GENERATE_INFOPLIST_FILE = YES;
				IPHONEOS_DEPLOYMENT_TARGET = 16.4;
				MARKETING_VERSION = 1.0;
				PRODUCT_BUNDLE_IDENTIFIER = com.WAKKP.NutriPalTests;
				PRODUCT_NAME = "$(TARGET_NAME)";
				SWIFT_EMIT_LOC_STRINGS = NO;
				SWIFT_VERSION = 5.0;
				TARGETED_DEVICE_FAMILY = "1,2";
				TEST_HOST = "$(BUILT_PRODUCTS_DIR)/NutriPal.app/$(BUNDLE_EXECUTABLE_FOLDER_PATH)/NutriPal";
			};
			name = Debug;
		};
		929856762AB1626600B911D5 /* Release */ = {
			isa = XCBuildConfiguration;
			buildSettings = {
				ALWAYS_EMBED_SWIFT_STANDARD_LIBRARIES = YES;
				BUNDLE_LOADER = "$(TEST_HOST)";
				CODE_SIGN_STYLE = Automatic;
				CURRENT_PROJECT_VERSION = 1;
				GENERATE_INFOPLIST_FILE = YES;
				IPHONEOS_DEPLOYMENT_TARGET = 16.4;
				MARKETING_VERSION = 1.0;
				PRODUCT_BUNDLE_IDENTIFIER = com.WAKKP.NutriPalTests;
				PRODUCT_NAME = "$(TARGET_NAME)";
				SWIFT_EMIT_LOC_STRINGS = NO;
				SWIFT_VERSION = 5.0;
				TARGETED_DEVICE_FAMILY = "1,2";
				TEST_HOST = "$(BUILT_PRODUCTS_DIR)/NutriPal.app/$(BUNDLE_EXECUTABLE_FOLDER_PATH)/NutriPal";
			};
			name = Release;
		};
		929856782AB1626600B911D5 /* Debug */ = {
			isa = XCBuildConfiguration;
			buildSettings = {
				ALWAYS_EMBED_SWIFT_STANDARD_LIBRARIES = YES;
				CODE_SIGN_STYLE = Automatic;
				CURRENT_PROJECT_VERSION = 1;
				GENERATE_INFOPLIST_FILE = YES;
				MARKETING_VERSION = 1.0;
				PRODUCT_BUNDLE_IDENTIFIER = com.WAKKP.NutriPalUITests;
				PRODUCT_NAME = "$(TARGET_NAME)";
				SWIFT_EMIT_LOC_STRINGS = NO;
				SWIFT_VERSION = 5.0;
				TARGETED_DEVICE_FAMILY = "1,2";
				TEST_TARGET_NAME = NutriPal;
			};
			name = Debug;
		};
		929856792AB1626600B911D5 /* Release */ = {
			isa = XCBuildConfiguration;
			buildSettings = {
				ALWAYS_EMBED_SWIFT_STANDARD_LIBRARIES = YES;
				CODE_SIGN_STYLE = Automatic;
				CURRENT_PROJECT_VERSION = 1;
				GENERATE_INFOPLIST_FILE = YES;
				MARKETING_VERSION = 1.0;
				PRODUCT_BUNDLE_IDENTIFIER = com.WAKKP.NutriPalUITests;
				PRODUCT_NAME = "$(TARGET_NAME)";
				SWIFT_EMIT_LOC_STRINGS = NO;
				SWIFT_VERSION = 5.0;
				TARGETED_DEVICE_FAMILY = "1,2";
				TEST_TARGET_NAME = NutriPal;
			};
			name = Release;
		};
/* End XCBuildConfiguration section */

/* Begin XCConfigurationList section */
		929856482AB1626500B911D5 /* Build configuration list for PBXProject "NutriPal" */ = {
			isa = XCConfigurationList;
			buildConfigurations = (
				9298566F2AB1626600B911D5 /* Debug */,
				929856702AB1626600B911D5 /* Release */,
			);
			defaultConfigurationIsVisible = 0;
			defaultConfigurationName = Release;
		};
		929856712AB1626600B911D5 /* Build configuration list for PBXNativeTarget "NutriPal" */ = {
			isa = XCConfigurationList;
			buildConfigurations = (
				929856722AB1626600B911D5 /* Debug */,
				929856732AB1626600B911D5 /* Release */,
			);
			defaultConfigurationIsVisible = 0;
			defaultConfigurationName = Release;
		};
		929856742AB1626600B911D5 /* Build configuration list for PBXNativeTarget "NutriPalTests" */ = {
			isa = XCConfigurationList;
			buildConfigurations = (
				929856752AB1626600B911D5 /* Debug */,
				929856762AB1626600B911D5 /* Release */,
			);
			defaultConfigurationIsVisible = 0;
			defaultConfigurationName = Release;
		};
		929856772AB1626600B911D5 /* Build configuration list for PBXNativeTarget "NutriPalUITests" */ = {
			isa = XCConfigurationList;
			buildConfigurations = (
				929856782AB1626600B911D5 /* Debug */,
				929856792AB1626600B911D5 /* Release */,
			);
			defaultConfigurationIsVisible = 0;
			defaultConfigurationName = Release;
		};
/* End XCConfigurationList section */
	};
	rootObject = 929856452AB1626500B911D5 /* Project object */;
}
